
Microsoft Visual Studio Solution File, Format Version 11.00
# Visual Studio 2010
Project("{FAE04EC0-301F-11D3-BF4B-00C04F79EFBC}") = "cf5e11200fb042a43b1b1ba5bf0828e4", "Assembly-CSharp.csproj", "{2D5E0059-EC8B-FE84-F442-61A90CA24505}"
EndProject
Project("{FAE04EC0-301F-11D3-BF4B-00C04F79EFBC}") = "cf5e11200fb042a43b1b1ba5bf0828e4", "Assembly-CSharp-firstpass.csproj", "{4738D67A-9AD2-0971-3EE7-8DDB5AFA6151}"
EndProject
Project("{FAE04EC0-301F-11D3-BF4B-00C04F79EFBC}") = "cf5e11200fb042a43b1b1ba5bf0828e4", "Assembly-CSharp-Editor-firstpass.csproj", "{72D4EC5D-DA83-323F-D6C1-0375838DE2BF}"
EndProject
Project("{FAE04EC0-301F-11D3-BF4B-00C04F79EFBC}") = "cf5e11200fb042a43b1b1ba5bf0828e4", "Assembly-CSharp-Editor.csproj", "{C6DF3DE1-4C42-9292-7943-34A655A9965B}"
EndProject
Global
	GlobalSection(SolutionConfigurationPlatforms) = preSolution
		Debug|Any CPU = Debug|Any CPU
		Release|Any CPU = Release|Any CPU
	EndGlobalSection
	GlobalSection(ProjectConfigurationPlatforms) = postSolution
		{2D5E0059-EC8B-FE84-F442-61A90CA24505}.Debug|Any CPU.ActiveCfg = Debug|Any CPU
		{2D5E0059-EC8B-FE84-F442-61A90CA24505}.Debug|Any CPU.Build.0 = Debug|Any CPU
		{2D5E0059-EC8B-FE84-F442-61A90CA24505}.Release|Any CPU.ActiveCfg = Release|Any CPU
		{2D5E0059-EC8B-FE84-F442-61A90CA24505}.Release|Any CPU.Build.0 = Release|Any CPU
		{4738D67A-9AD2-0971-3EE7-8DDB5AFA6151}.Debug|Any CPU.ActiveCfg = Debug|Any CPU
		{4738D67A-9AD2-0971-3EE7-8DDB5AFA6151}.Debug|Any CPU.Build.0 = Debug|Any CPU
		{4738D67A-9AD2-0971-3EE7-8DDB5AFA6151}.Release|Any CPU.ActiveCfg = Release|Any CPU
		{4738D67A-9AD2-0971-3EE7-8DDB5AFA6151}.Release|Any CPU.Build.0 = Release|Any CPU
		{72D4EC5D-DA83-323F-D6C1-0375838DE2BF}.Debug|Any CPU.ActiveCfg = Debug|Any CPU
		{72D4EC5D-DA83-323F-D6C1-0375838DE2BF}.Debug|Any CPU.Build.0 = Debug|Any CPU
		{72D4EC5D-DA83-323F-D6C1-0375838DE2BF}.Release|Any CPU.ActiveCfg = Release|Any CPU
		{72D4EC5D-DA83-323F-D6C1-0375838DE2BF}.Release|Any CPU.Build.0 = Release|Any CPU
		{C6DF3DE1-4C42-9292-7943-34A655A9965B}.Debug|Any CPU.ActiveCfg = Debug|Any CPU
		{C6DF3DE1-4C42-9292-7943-34A655A9965B}.Debug|Any CPU.Build.0 = Debug|Any CPU
		{C6DF3DE1-4C42-9292-7943-34A655A9965B}.Release|Any CPU.ActiveCfg = Release|Any CPU
		{C6DF3DE1-4C42-9292-7943-34A655A9965B}.Release|Any CPU.Build.0 = Release|Any CPU
	EndGlobalSection
	GlobalSection(SolutionProperties) = preSolution
		HideSolutionNode = FALSE
	EndGlobalSection
	GlobalSection(MonoDevelopProperties) = preSolution
		StartupItem = Assembly-CSharp.csproj
	EndGlobalSection
EndGlobal
